
Microsoft Visual Studio Solution File, Format Version 12.00
# Visual Studio Version 17
VisualStudioVersion = 17.9.34728.123
MinimumVisualStudioVersion = 10.0.40219.1
Project("{9A19103F-16F7-4668-BE54-9A1E7A4F7556}") = "Utilities", "Utilities\Utilities.csproj", "{C45806D7-53CB-4B08-90CF-CA8E08A15914}"
EndProject
Project("{FAE04EC0-301F-11D3-BF4B-00C04F79EFBC}") = "Utilities.WPF", "Utilities.WPF\Utilities.WPF.csproj", "{4687371F-0A12-4471-B136-6F18BDBFF6A0}"
EndProject
Project("{FAE04EC0-301F-11D3-BF4B-00C04F79EFBC}") = "Utilities.WPF.Test", "Utilities.WPF.Test\Utilities.WPF.Test.csproj", "{0BC2C8A1-FE29-49F6-A8C7-FFE634B487A8}"
EndProject
Project("{9A19103F-16F7-4668-BE54-9A1E7A4F7556}") = "HtmlTextBuilder", "HtmlTextBuilder\HtmlTextBuilder.csproj", "{B38AD902-9839-4A96-BD7C-7A6CD106A93C}"
EndProject
Project("{9A19103F-16F7-4668-BE54-9A1E7A4F7556}") = "SQLite", "SQLite\SQLite.csproj", "{7F88FF10-7767-464F-89E1-9AB28D1632FF}"
EndProject
Project("{9A19103F-16F7-4668-BE54-9A1E7A4F7556}") = "Http", "Http\Http.csproj", "{23CF080F-5D49-419B-8D9C-7D4BDCEA9B24}"
EndProject
Project("{9A19103F-16F7-4668-BE54-9A1E7A4F7556}") = "Razor", "Razor\Razor.csproj", "{C3D5528A-70B0-461D-A82D-9522CE6208AC}"
EndProject
Project("{9A19103F-16F7-4668-BE54-9A1E7A4F7556}") = "Razor.Test", "Razor.Test\Razor.Test.csproj", "{69356438-D4DA-4F63-9A97-35E4518288BC}"
EndProject
Project("{9A19103F-16F7-4668-BE54-9A1E7A4F7556}") = "Razor.EntityFrameworkCore", "Razor.EntityFrameworkCore\Razor.EntityFrameworkCore.csproj", "{B87891FA-86FE-4ECE-9F46-DB29CBE6869A}"
EndProject
Project("{FAE04EC0-301F-11D3-BF4B-00C04F79EFBC}") = "Utilities.WPF.Converters", "Utilities.WPF.Converters\Utilities.WPF.Converters.csproj", "{892FFE0C-98FF-476C-B7AE-F4FBE84C643D}"
EndProject
Project("{2150E333-8FDC-42A3-9474-1A3956D46DE8}") = "Tests", "Tests", "{02EA681E-C7D8-13C7-8484-4AC65E1B71E8}"
EndProject
Project("{FAE04EC0-301F-11D3-BF4B-00C04F79EFBC}") = "Razor", "Tests\Razor\Razor.csproj", "{42E307DE-5D46-4B95-A814-FF40D53CB08E}"
EndProject
Global
	GlobalSection(SolutionConfigurationPlatforms) = preSolution
		Debug|Any CPU = Debug|Any CPU
		Release|Any CPU = Release|Any CPU
	EndGlobalSection
	GlobalSection(ProjectConfigurationPlatforms) = postSolution
		{C45806D7-53CB-4B08-90CF-CA8E08A15914}.Debug|Any CPU.ActiveCfg = Debug|Any CPU
		{C45806D7-53CB-4B08-90CF-CA8E08A15914}.Debug|Any CPU.Build.0 = Debug|Any CPU
		{C45806D7-53CB-4B08-90CF-CA8E08A15914}.Release|Any CPU.ActiveCfg = Release|Any CPU
		{C45806D7-53CB-4B08-90CF-CA8E08A15914}.Release|Any CPU.Build.0 = Release|Any CPU
		{4687371F-0A12-4471-B136-6F18BDBFF6A0}.Debug|Any CPU.ActiveCfg = Debug|Any CPU
		{4687371F-0A12-4471-B136-6F18BDBFF6A0}.Debug|Any CPU.Build.0 = Debug|Any CPU
		{4687371F-0A12-4471-B136-6F18BDBFF6A0}.Release|Any CPU.ActiveCfg = Release|Any CPU
		{4687371F-0A12-4471-B136-6F18BDBFF6A0}.Release|Any CPU.Build.0 = Release|Any CPU
		{0BC2C8A1-FE29-49F6-A8C7-FFE634B487A8}.Debug|Any CPU.ActiveCfg = Debug|Any CPU
		{0BC2C8A1-FE29-49F6-A8C7-FFE634B487A8}.Debug|Any CPU.Build.0 = Debug|Any CPU
		{0BC2C8A1-FE29-49F6-A8C7-FFE634B487A8}.Release|Any CPU.ActiveCfg = Release|Any CPU
		{0BC2C8A1-FE29-49F6-A8C7-FFE634B487A8}.Release|Any CPU.Build.0 = Release|Any CPU
		{B38AD902-9839-4A96-BD7C-7A6CD106A93C}.Debug|Any CPU.ActiveCfg = Debug|Any CPU
		{B38AD902-9839-4A96-BD7C-7A6CD106A93C}.Debug|Any CPU.Build.0 = Debug|Any CPU
		{B38AD902-9839-4A96-BD7C-7A6CD106A93C}.Release|Any CPU.ActiveCfg = Release|Any CPU
		{B38AD902-9839-4A96-BD7C-7A6CD106A93C}.Release|Any CPU.Build.0 = Release|Any CPU
		{7F88FF10-7767-464F-89E1-9AB28D1632FF}.Debug|Any CPU.ActiveCfg = Debug|Any CPU
		{7F88FF10-7767-464F-89E1-9AB28D1632FF}.Debug|Any CPU.Build.0 = Debug|Any CPU
		{7F88FF10-7767-464F-89E1-9AB28D1632FF}.Release|Any CPU.ActiveCfg = Release|Any CPU
		{7F88FF10-7767-464F-89E1-9AB28D1632FF}.Release|Any CPU.Build.0 = Release|Any CPU
		{23CF080F-5D49-419B-8D9C-7D4BDCEA9B24}.Debug|Any CPU.ActiveCfg = Debug|Any CPU
		{23CF080F-5D49-419B-8D9C-7D4BDCEA9B24}.Debug|Any CPU.Build.0 = Debug|Any CPU
		{23CF080F-5D49-419B-8D9C-7D4BDCEA9B24}.Release|Any CPU.ActiveCfg = Release|Any CPU
		{23CF080F-5D49-419B-8D9C-7D4BDCEA9B24}.Release|Any CPU.Build.0 = Release|Any CPU
		{C3D5528A-70B0-461D-A82D-9522CE6208AC}.Debug|Any CPU.ActiveCfg = Debug|Any CPU
		{C3D5528A-70B0-461D-A82D-9522CE6208AC}.Debug|Any CPU.Build.0 = Debug|Any CPU
		{C3D5528A-70B0-461D-A82D-9522CE6208AC}.Release|Any CPU.ActiveCfg = Release|Any CPU
		{C3D5528A-70B0-461D-A82D-9522CE6208AC}.Release|Any CPU.Build.0 = Release|Any CPU
		{69356438-D4DA-4F63-9A97-35E4518288BC}.Debug|Any CPU.ActiveCfg = Debug|Any CPU
		{69356438-D4DA-4F63-9A97-35E4518288BC}.Debug|Any CPU.Build.0 = Debug|Any CPU
		{69356438-D4DA-4F63-9A97-35E4518288BC}.Release|Any CPU.ActiveCfg = Release|Any CPU
		{69356438-D4DA-4F63-9A97-35E4518288BC}.Release|Any CPU.Build.0 = Release|Any CPU
		{B87891FA-86FE-4ECE-9F46-DB29CBE6869A}.Debug|Any CPU.ActiveCfg = Debug|Any CPU
		{B87891FA-86FE-4ECE-9F46-DB29CBE6869A}.Debug|Any CPU.Build.0 = Debug|Any CPU
		{B87891FA-86FE-4ECE-9F46-DB29CBE6869A}.Release|Any CPU.ActiveCfg = Release|Any CPU
		{B87891FA-86FE-4ECE-9F46-DB29CBE6869A}.Release|Any CPU.Build.0 = Release|Any CPU
		{892FFE0C-98FF-476C-B7AE-F4FBE84C643D}.Debug|Any CPU.ActiveCfg = Debug|Any CPU
		{892FFE0C-98FF-476C-B7AE-F4FBE84C643D}.Debug|Any CPU.Build.0 = Debug|Any CPU
		{892FFE0C-98FF-476C-B7AE-F4FBE84C643D}.Release|Any CPU.ActiveCfg = Release|Any CPU
		{892FFE0C-98FF-476C-B7AE-F4FBE84C643D}.Release|Any CPU.Build.0 = Release|Any CPU
		{42E307DE-5D46-4B95-A814-FF40D53CB08E}.Debug|Any CPU.ActiveCfg = Debug|Any CPU
		{42E307DE-5D46-4B95-A814-FF40D53CB08E}.Debug|Any CPU.Build.0 = Debug|Any CPU
		{42E307DE-5D46-4B95-A814-FF40D53CB08E}.Release|Any CPU.ActiveCfg = Release|Any CPU
		{42E307DE-5D46-4B95-A814-FF40D53CB08E}.Release|Any CPU.Build.0 = Release|Any CPU
	EndGlobalSection
	GlobalSection(SolutionProperties) = preSolution
		HideSolutionNode = FALSE
	EndGlobalSection
	GlobalSection(NestedProjects) = preSolution
		{42E307DE-5D46-4B95-A814-FF40D53CB08E} = {02EA681E-C7D8-13C7-8484-4AC65E1B71E8}
	EndGlobalSection
	GlobalSection(ExtensibilityGlobals) = postSolution
		SolutionGuid = {D60DD37B-B3F1-4400-A8A3-61A350D31614}
	EndGlobalSection
EndGlobal
